PODS:
  - Capacitor (8.2.0):
    - CapacitorCordova
  - CapacitorApp (8.1.0):
    - Capacitor
  - CapacitorAppLauncher (8.0.1):
    - Capacitor
  - CapacitorBrowser (8.0.3):
    - Capacitor
  - CapacitorCordova (8.2.0)
  - CapacitorHaptics (8.0.2):
    - Capacitor
  - CapacitorLocalNotifications (8.0.2):
    - Capacitor
  - CapacitorPushNotifications (8.0.2):
    - Capacitor
  - PurchasesHybridCommon (17.52.0):
    - RevenueCat (= 5.65.0)
  - RevenueCat (5.65.0)
  - RevenuecatPurchasesCapacitor (12.3.0):
    - Capacitor
    - PurchasesHybridCommon (= 17.52.0)

DEPENDENCIES:
  - "Capacitor (from `../../node_modules/@capacitor/ios`)"
  - "CapacitorApp (from `../../node_modules/@capacitor/app`)"
  - "CapacitorAppLauncher (from `../../node_modules/@capacitor/app-launcher`)"
  - "CapacitorBrowser (from `../../node_modules/@capacitor/browser`)"
  - "CapacitorCordova (from `../../node_modules/@capacitor/ios`)"
  - "CapacitorHaptics (from `../../node_modules/@capacitor/haptics`)"
  - "CapacitorLocalNotifications (from `../../node_modules/@capacitor/local-notifications`)"
  - "CapacitorPushNotifications (from `../../node_modules/@capacitor/push-notifications`)"
  - "RevenuecatPurchasesCapacitor (from `../../node_modules/@revenuecat/purchases-capacitor`)"

SPEC REPOS:
  trunk:
    - PurchasesHybridCommon
    - RevenueCat

EXTERNAL SOURCES:
  Capacitor:
    :path: "../../node_modules/@capacitor/ios"
  CapacitorApp:
    :path: "../../node_modules/@capacitor/app"
  CapacitorAppLauncher:
    :path: "../../node_modules/@capacitor/app-launcher"
  CapacitorBrowser:
    :path: "../../node_modules/@capacitor/browser"
  CapacitorCordova:
    :path: "../../node_modules/@capacitor/ios"
  CapacitorHaptics:
    :path: "../../node_modules/@capacitor/haptics"
  CapacitorLocalNotifications:
    :path: "../../node_modules/@capacitor/local-notifications"
  CapacitorPushNotifications:
    :path: "../../node_modules/@capacitor/push-notifications"
  RevenuecatPurchasesCapacitor:
    :path: "../../node_modules/@revenuecat/purchases-capacitor"

SPEC CHECKSUMS:
  Capacitor: 49a454e1cdbd520bc106a220adca7913536a4933
  CapacitorApp: 449ffe26375e96f8aaaee625ac6e01e5c57c8650
  CapacitorAppLauncher: 43949ccc5aaa5139a1ebe27a98c0a4d76c883fa7
  CapacitorBrowser: c987c73d09d8bd3b5ec13f06338b1e14d5d2be69
  CapacitorCordova: a9ac88d84a1f5280f33b349fe50fce1902683ac0
  CapacitorHaptics: 296f771ecd89c7a1bd92a7b6826a7d268e2e70f5
  CapacitorLocalNotifications: 4db83a7f6bdd2f30dcedf5c6f92c415065467a24
  CapacitorPushNotifications: 5a1de4191a9fdbeacc84907313eede0bd59d2eb0
  PurchasesHybridCommon: 27cca251e01998c53a6b31bf53baf09f84926609
  RevenueCat: 9a37739bdf42af84dd87e023db340de7e0f9d874
  RevenuecatPurchasesCapacitor: b9db3b4726f76f5b36b6fefad2044083b9e3ca48

PODFILE CHECKSUM: d4aa02cf9b1025683b84bcf2038f1463f83e82bd

COCOAPODS: 1.16.2
