{
  "originHash": "",
  "pins": [
    {
      "identity": "capacitor-swift-pm",
      "kind": "remoteSourceControl",
      "location": "https://github.com/ionic-team/capacitor-swift-pm.git",
      "state": {
        "revision": "0e862e6ff13852a710c8a484180ca4d6a2cc9761",
        "version": "8.2.0"
      }
    },
    {
      "identity": "purchases-hybrid-common",
      "kind": "remoteSourceControl",
      "location": "https://github.com/RevenueCat/purchases-hybrid-common.git",
      "state": {
        "revision": "9b99aee60dd4f8b5a2e96f074f4d0b8adc53beee",
        "version": "17.52.0"
      }
    },
    {
      "identity": "purchases-ios-spm",
      "kind": "remoteSourceControl",
      "location": "https://github.com/RevenueCat/purchases-ios-spm.git",
      "state": {
        "revision": "9755c68799edb79ec03f90b22b5e35c3829d4ec8",
        "version": "5.65.0"
      }
    }
  ],
  "version": 3
}
